// !$*UTF8*$!
{
	archiveVersion = 1;
	classes = {
	};
	objectVersion = 50;
	objects = {

/* Begin PBXBuildFile section */
		4CBD0D7725AD90EF003B9B9C /* AuthSampleApp.swift in Sources */ = {isa = PBXBuildFile; fileRef = 4CBD0D7625AD90EF003B9B9C /* AuthSampleApp.swift */; };
		4CBD0D7925AD90EF003B9B9C /* ContentView.swift in Sources */ = {isa = PBXBuildFile; fileRef = 4CBD0D7825AD90EF003B9B9C /* ContentView.swift */; };
		4CBD0D7B25AD90F1003B9B9C /* Assets.xcassets in Resources */ = {isa = PBXBuildFile; fileRef = 4CBD0D7A25AD90F1003B9B9C /* Assets.xcassets */; };
		4CBD0D7E25AD90F1003B9B9C /* Preview Assets.xcassets in Resources */ = {isa = PBXBuildFile; fileRef = 4CBD0D7D25AD90F1003B9B9C /* Preview Assets.xcassets */; };
		4CBD0D8B25AD945A003B9B9C /* MainTabView.swift in Sources */ = {isa = PBXBuildFile; fileRef = 4CBD0D8A25AD945A003B9B9C /* MainTabView.swift */; };
/* End PBXBuildFile section */

/* Begin PBXFileReference section */
		4CBD0D7325AD90EF003B9B9C /* AuthSample.app */ = {isa = PBXFileReference; explicitFileType = wrapper.application; includeInIndex = 0; path = AuthSample.app; sourceTree = BUILT_PRODUCTS_DIR; };
		4CBD0D7625AD90EF003B9B9C /* AuthSampleApp.swift */ = {isa = PBXFileReference; lastKnownFileType = sourcecode.swift; path = AuthSampleApp.swift; sourceTree = "<group>"; };
		4CBD0D7825AD90EF003B9B9C /* ContentView.swift */ = {isa = PBXFileReference; lastKnownFileType = sourcecode.swift; path = ContentView.swift; sourceTree = "<group>"; };
		4CBD0D7A25AD90F1003B9B9C /* Assets.xcassets */ = {isa = PBXFileReference; lastKnownFileType = folder.assetcatalog; path = Assets.xcassets; sourceTree = "<group>"; };
		4CBD0D7D25AD90F1003B9B9C /* Preview Assets.xcassets */ = {isa = PBXFileReference; lastKnownFileType = folder.assetcatalog; path = "Preview Assets.xcassets"; sourceTree = "<group>"; };
		4CBD0D7F25AD90F1003B9B9C /* Info.plist */ = {isa = PBXFileReference; lastKnownFileType = text.plist.xml; path = Info.plist; sourceTree = "<group>"; };
		4CBD0D8925AD942E003B9B9C /* Task.md */ = {isa = PBXFileReference; lastKnownFileType = net.daringfireball.markdown; path = Task.md; sourceTree = "<group>"; };
		4CBD0D8A25AD945A003B9B9C /* MainTabView.swift */ = {isa = PBXFileReference; lastKnownFileType = sourcecode.swift; path = MainTabView.swift; sourceTree = "<group>"; };
/* End PBXFileReference section */

/* Begin PBXFrameworksBuildPhase section */
		4CBD0D7025AD90EF003B9B9C /* Frameworks */ = {
			isa = PBXFrameworksBuildPhase;
			buildActionMask = 2147483647;
			files = (
			);
			runOnlyForDeploymentPostprocessing = 0;
		};
/* End PBXFrameworksBuildPhase section */

/* Begin PBXGroup section */
		4CBD0D6A25AD90EF003B9B9C = {
			isa = PBXGroup;
			children = (
				4CBD0D7525AD90EF003B9B9C /* AuthSample */,
				4CBD0D7425AD90EF003B9B9C /* Products */,
			);
			sourceTree = "<group>";
		};
		4CBD0D7425AD90EF003B9B9C /* Products */ = {
			isa = PBXGroup;
			children = (
				4CBD0D7325AD90EF003B9B9C /* AuthSample.app */,
			);
			name = Products;
			sourceTree = "<group>";
		};
		4CBD0D7525AD90EF003B9B9C /* AuthSample */ = {
			isa = PBXGroup;
			children = (
				4CBD0D8825AD9170003B9B9C /* Model */,
				4CBD0D8725AD9169003B9B9C /* ViewModel */,
				4CBD0D8625AD9162003B9B9C /* View */,
				4CBD0D7625AD90EF003B9B9C /* AuthSampleApp.swift */,
				4CBD0D7825AD90EF003B9B9C /* ContentView.swift */,
				4CBD0D7A25AD90F1003B9B9C /* Assets.xcassets */,
				4CBD0D7F25AD90F1003B9B9C /* Info.plist */,
				4CBD0D7C25AD90F1003B9B9C /* Preview Content */,
				4CBD0D8925AD942E003B9B9C /* Task.md */,
			);
			path = AuthSample;
			sourceTree = "<group>";
		};
		4CBD0D7C25AD90F1003B9B9C /* Preview Content */ = {
			isa = PBXGroup;
			children = (
				4CBD0D7D25AD90F1003B9B9C /* Preview Assets.xcassets */,
			);
			path = "Preview Content";
			sourceTree = "<group>";
		};
		4CBD0D8625AD9162003B9B9C /* View */ = {
			isa = PBXGroup;
			children = (
				4CBD0D8A25AD945A003B9B9C /* MainTabView.swift */,
			);
			path = View;
			sourceTree = "<group>";
		};
		4CBD0D8725AD9169003B9B9C /* ViewModel */ = {
			isa = PBXGroup;
			children = (
			);
			path = ViewModel;
			sourceTree = "<group>";
		};
		4CBD0D8825AD9170003B9B9C /* Model */ = {
			isa = PBXGroup;
			children = (
			);
			path = Model;
			sourceTree = "<group>";
		};
/* End PBXGroup section */

/* Begin PBXNativeTarget section */
		4CBD0D7225AD90EF003B9B9C /* AuthSample */ = {
			isa = PBXNativeTarget;
			buildConfigurationList = 4CBD0D8225AD90F1003B9B9C /* Build configuration list for PBXNativeTarget "AuthSample" */;
			buildPhases = (
				4CBD0D6F25AD90EF003B9B9C /* Sources */,
				4CBD0D7025AD90EF003B9B9C /* Frameworks */,
				4CBD0D7125AD90EF003B9B9C /* Resources */,
			);
			buildRules = (
			);
			dependencies = (
			);
			name = AuthSample;
			productName = AuthSample;
			productReference = 4CBD0D7325AD90EF003B9B9C /* AuthSample.app */;
			productType = "com.apple.product-type.application";
		};
/* End PBXNativeTarget section */

/* Begin PBXProject section */
		4CBD0D6B25AD90EF003B9B9C /* Project object */ = {
			isa = PBXProject;
			attributes = {
				LastSwiftUpdateCheck = 1210;
				LastUpgradeCheck = 1210;
				TargetAttributes = {
					4CBD0D7225AD90EF003B9B9C = {
						CreatedOnToolsVersion = 12.1;
					};
				};
			};
			buildConfigurationList = 4CBD0D6E25AD90EF003B9B9C /* Build configuration list for PBXProject "AuthSample" */;
			compatibilityVersion = "Xcode 9.3";
			developmentRegion = en;
			hasScannedForEncodings = 0;
			knownRegions = (
				en,
				Base,
			);
			mainGroup = 4CBD0D6A25AD90EF003B9B9C;
			productRefGroup = 4CBD0D7425AD90EF003B9B9C /* Products */;
			projectDirPath = "";
			projectRoot = "";
			targets = (
				4CBD0D7225AD90EF003B9B9C /* AuthSample */,
			);
		};
/* End PBXProject section */

/* Begin PBXResourcesBuildPhase section */
		4CBD0D7125AD90EF003B9B9C /* Resources */ = {
			isa = PBXResourcesBuildPhase;
			buildActionMask = 2147483647;
			files = (
				4CBD0D7E25AD90F1003B9B9C /* Preview Assets.xcassets in Resources */,
				4CBD0D7B25AD90F1003B9B9C /* Assets.xcassets in Resources */,
			);
			runOnlyForDeploymentPostprocessing = 0;
		};
/* End PBXResourcesBuildPhase section */

/* Begin PBXSourcesBuildPhase section */
		4CBD0D6F25AD90EF003B9B9C /* Sources */ = {
			isa = PBXSourcesBuildPhase;
			buildActionMask = 2147483647;
			files = (
				4CBD0D7925AD90EF003B9B9C /* ContentView.swift in Sources */,
				4CBD0D7725AD90EF003B9B9C /* AuthSampleApp.swift in Sources */,
				4CBD0D8B25AD945A003B9B9C /* MainTabView.swift in Sources */,
			);
			runOnlyForDeploymentPostprocessing = 0;
		};
/* End PBXSourcesBuildPhase section */

/* Begin XCBuildConfiguration section */
		4CBD0D8025AD90F1003B9B9C /* Debug */ = {
			isa = XCBuildConfiguration;
			buildSettings = {
				ALWAYS_SEARCH_USER_PATHS = NO;
				CLANG_ANALYZER_NONNULL = YES;
				CLANG_ANALYZER_NUMBER_OBJECT_CONVERSION = YES_AGGRESSIVE;
				CLANG_CXX_LANGUAGE_STANDARD = "gnu++14";
				CLANG_CXX_LIBRARY = "libc++";
				CLANG_ENABLE_MODULES = YES;
				CLANG_ENABLE_OBJC_ARC = YES;
				CLANG_ENABLE_OBJC_WEAK = YES;
				CLANG_WARN_BLOCK_CAPTURE_AUTORELEASING = YES;
				CLANG_WARN_BOOL_CONVERSION = YES;
				CLANG_WARN_COMMA = YES;
				CLANG_WARN_CONSTANT_CONVERSION = YES;
				CLANG_WARN_DEPRECATED_OBJC_IMPLEMENTATIONS = YES;
				CLANG_WARN_DIRECT_OBJC_ISA_USAGE = YES_ERROR;
				CLANG_WARN_DOCUMENTATION_COMMENTS = YES;
				CLANG_WARN_EMPTY_BODY = YES;
				CLANG_WARN_ENUM_CONVERSION = YES;
				CLANG_WARN_INFINITE_RECURSION = YES;
				CLANG_WARN_INT_CONVERSION = YES;
				CLANG_WARN_NON_LITERAL_NULL_CONVERSION = YES;
				CLANG_WARN_OBJC_IMPLICIT_RETAIN_SELF = YES;
				CLANG_WARN_OBJC_LITERAL_CONVERSION = YES;
				CLANG_WARN_OBJC_ROOT_CLASS = YES_ERROR;
				CLANG_WARN_QUOTED_INCLUDE_IN_FRAMEWORK_HEADER = YES;
				CLANG_WARN_RANGE_LOOP_ANALYSIS = YES;
				CLANG_WARN_STRICT_PROTOTYPES = YES;
				CLANG_WARN_SUSPICIOUS_MOVE = YES;
				CLANG_WARN_UNGUARDED_AVAILABILITY = YES_AGGRESSIVE;
				CLANG_WARN_UNREACHABLE_CODE = YES;
				CLANG_WARN__DUPLICATE_METHOD_MATCH = YES;
				COPY_PHASE_STRIP = NO;
				DEBUG_INFORMATION_FORMAT = dwarf;
				ENABLE_STRICT_OBJC_MSGSEND = YES;
				ENABLE_TESTABILITY = YES;
				GCC_C_LANGUAGE_STANDARD = gnu11;
				GCC_DYNAMIC_NO_PIC = NO;
				GCC_NO_COMMON_BLOCKS = YES;
				GCC_OPTIMIZATION_LEVEL = 0;
				GCC_PREPROCESSOR_DEFINITIONS = (
					"DEBUG=1",
					"$(inherited)",
				);
				GCC_WARN_64_TO_32_BIT_CONVERSION = YES;
				GCC_WARN_ABOUT_RETURN_TYPE = YES_ERROR;
				GCC_WARN_UNDECLARED_SELECTOR = YES;
				GCC_WARN_UNINITIALIZED_AUTOS = YES_AGGRESSIVE;
				GCC_WARN_UNUSED_FUNCTION = YES;
				GCC_WARN_UNUSED_VARIABLE = YES;
				IPHONEOS_DEPLOYMENT_TARGET = 14.1;
				MTL_ENABLE_DEBUG_INFO = INCLUDE_SOURCE;
				MTL_FAST_MATH = YES;
				ONLY_ACTIVE_ARCH = YES;
				SDKROOT = iphoneos;
				SWIFT_ACTIVE_COMPILATION_CONDITIONS = DEBUG;
				SWIFT_OPTIMIZATION_LEVEL = "-Onone";
			};
			name = Debug;
		};
		4CBD0D8125AD90F1003B9B9C /* Release */ = {
			isa = XCBuildConfiguration;
			buildSettings = {
				ALWAYS_SEARCH_USER_PATHS = NO;
				CLANG_ANALYZER_NONNULL = YES;
				CLANG_ANALYZER_NUMBER_OBJECT_CONVERSION = YES_AGGRESSIVE;
				CLANG_CXX_LANGUAGE_STANDARD = "gnu++14";
				CLANG_CXX_LIBRARY = "libc++";
				CLANG_ENABLE_MODULES = YES;
				CLANG_ENABLE_OBJC_ARC = YES;
				CLANG_ENABLE_OBJC_WEAK = YES;
				CLANG_WARN_BLOCK_CAPTURE_AUTORELEASING = YES;
				CLANG_WARN_BOOL_CONVERSION = YES;
				CLANG_WARN_COMMA = YES;
				CLANG_WARN_CONSTANT_CONVERSION = YES;
				CLANG_WARN_DEPRECATED_OBJC_IMPLEMENTATIONS = YES;
				CLANG_WARN_DIRECT_OBJC_ISA_USAGE = YES_ERROR;
				CLANG_WARN_DOCUMENTATION_COMMENTS = YES;
				CLANG_WARN_EMPTY_BODY = YES;
				CLANG_WARN_ENUM_CONVERSION = YES;
				CLANG_WARN_INFINITE_RECURSION = YES;
				CLANG_WARN_INT_CONVERSION = YES;
				CLANG_WARN_NON_LITERAL_NULL_CONVERSION = YES;
				CLANG_WARN_OBJC_IMPLICIT_RETAIN_SELF = YES;
				CLANG_WARN_OBJC_LITERAL_CONVERSION = YES;
				CLANG_WARN_OBJC_ROOT_CLASS = YES_ERROR;
				CLANG_WARN_QUOTED_INCLUDE_IN_FRAMEWORK_HEADER = YES;
				CLANG_WARN_RANGE_LOOP_ANALYSIS = YES;
				CLANG_WARN_STRICT_PROTOTYPES = YES;
				CLANG_WARN_SUSPICIOUS_MOVE = YES;
				CLANG_WARN_UNGUARDED_AVAILABILITY = YES_AGGRESSIVE;
				CLANG_WARN_UNREACHABLE_CODE = YES;
				CLANG_WARN__DUPLICATE_METHOD_MATCH = YES;
				COPY_PHASE_STRIP = NO;
				DEBUG_INFORMATION_FORMAT = "dwarf-with-dsym";
				ENABLE_NS_ASSERTIONS = NO;
				ENABLE_STRICT_OBJC_MSGSEND = YES;
				GCC_C_LANGUAGE_STANDARD = gnu11;
				GCC_NO_COMMON_BLOCKS = YES;
				GCC_WARN_64_TO_32_BIT_CONVERSION = YES;
				GCC_WARN_ABOUT_RETURN_TYPE = YES_ERROR;
				GCC_WARN_UNDECLARED_SELECTOR = YES;
				GCC_WARN_UNINITIALIZED_AUTOS = YES_AGGRESSIVE;
				GCC_WARN_UNUSED_FUNCTION = YES;
				GCC_WARN_UNUSED_VARIABLE = YES;
				IPHONEOS_DEPLOYMENT_TARGET = 14.1;
				MTL_ENABLE_DEBUG_INFO = NO;
				MTL_FAST_MATH = YES;
				SDKROOT = iphoneos;
				SWIFT_COMPILATION_MODE = wholemodule;
				SWIFT_OPTIMIZATION_LEVEL = "-O";
				VALIDATE_PRODUCT = YES;
			};
			name = Release;
		};
		4CBD0D8325AD90F1003B9B9C /* Debug */ = {
			isa = XCBuildConfiguration;
			buildSettings = {
				ASSETCATALOG_COMPILER_APPICON_NAME = AppIcon;
				ASSETCATALOG_COMPILER_GLOBAL_ACCENT_COLOR_NAME = AccentColor;
				CODE_SIGN_STYLE = Automatic;
				DEVELOPMENT_ASSET_PATHS = "\"AuthSample/Preview Content\"";
				DEVELOPMENT_TEAM = 3LNHP62S5M;
				ENABLE_PREVIEWS = YES;
				INFOPLIST_FILE = AuthSample/Info.plist;
				IPHONEOS_DEPLOYMENT_TARGET = 14.0;
				LD_RUNPATH_SEARCH_PATHS = (
					"$(inherited)",
					"@executable_path/Frameworks",
				);
				PRODUCT_BUNDLE_IDENTIFIER = com.haruto.AuthSample;
				PRODUCT_NAME = "$(TARGET_NAME)";
				SWIFT_VERSION = 5.0;
				TARGETED_DEVICE_FAMILY = "1,2";
			};
			name = Debug;
		};
		4CBD0D8425AD90F1003B9B9C /* Release */ = {
			isa = XCBuildConfiguration;
			buildSettings = {
				ASSETCATALOG_COMPILER_APPICON_NAME = AppIcon;
				ASSETCATALOG_COMPILER_GLOBAL_ACCENT_COLOR_NAME = AccentColor;
				CODE_SIGN_STYLE = Automatic;
				DEVELOPMENT_ASSET_PATHS = "\"AuthSample/Preview Content\"";
				DEVELOPMENT_TEAM = 3LNHP62S5M;
				ENABLE_PREVIEWS = YES;
				INFOPLIST_FILE = AuthSample/Info.plist;
				IPHONEOS_DEPLOYMENT_TARGET = 14.0;
				LD_RUNPATH_SEARCH_PATHS = (
					"$(inherited)",
					"@executable_path/Frameworks",
				);
				PRODUCT_BUNDLE_IDENTIFIER = com.haruto.AuthSample;
				PRODUCT_NAME = "$(TARGET_NAME)";
				SWIFT_VERSION = 5.0;
				TARGETED_DEVICE_FAMILY = "1,2";
			};
			name = Release;
		};
/* End XCBuildConfiguration section */

/* Begin XCConfigurationList section */
		4CBD0D6E25AD90EF003B9B9C /* Build configuration list for PBXProject "AuthSample" */ = {
			isa = XCConfigurationList;
			buildConfigurations = (
				4CBD0D8025AD90F1003B9B9C /* Debug */,
				4CBD0D8125AD90F1003B9B9C /* Release */,
			);
			defaultConfigurationIsVisible = 0;
			defaultConfigurationName = Release;
		};
		4CBD0D8225AD90F1003B9B9C /* Build configuration list for PBXNativeTarget "AuthSample" */ = {
			isa = XCConfigurationList;
			buildConfigurations = (
				4CBD0D8325AD90F1003B9B9C /* Debug */,
				4CBD0D8425AD90F1003B9B9C /* Release */,
			);
			defaultConfigurationIsVisible = 0;
			defaultConfigurationName = Release;
		};
/* End XCConfigurationList section */
	};
	rootObject = 4CBD0D6B25AD90EF003B9B9C /* Project object */;
}
